
Microsoft Visual Studio Solution File, Format Version 12.00
# Visual Studio Version 17
VisualStudioVersion = 17.9.34728.123
MinimumVisualStudioVersion = 10.0.40219.1
Project("{FAE04EC0-301F-11D3-BF4B-00C04F79EFBC}") = "ConsoleApp13", "ConsoleApp13\ConsoleApp13.csproj", "{FB70E231-591D-4C1C-89C0-907D2BDAB9FC}"
EndProject
Global
	GlobalSection(SolutionConfigurationPlatforms) = preSolution
		Debug|Any CPU = Debug|Any CPU
		Release|Any CPU = Release|Any CPU
	EndGlobalSection
	GlobalSection(ProjectConfigurationPlatforms) = postSolution
		{FB70E231-591D-4C1C-89C0-907D2BDAB9FC}.Debug|Any CPU.ActiveCfg = Debug|Any CPU
		{FB70E231-591D-4C1C-89C0-907D2BDAB9FC}.Debug|Any CPU.Build.0 = Debug|Any CPU
		{FB70E231-591D-4C1C-89C0-907D2BDAB9FC}.Release|Any CPU.ActiveCfg = Release|Any CPU
		{FB70E231-591D-4C1C-89C0-907D2BDAB9FC}.Release|Any CPU.Build.0 = Release|Any CPU
	EndGlobalSection
	GlobalSection(SolutionProperties) = preSolution
		HideSolutionNode = FALSE
	EndGlobalSection
	GlobalSection(ExtensibilityGlobals) = postSolution
		SolutionGuid = {DF78628B-70D0-4372-9A35-6DBBCAA927E8}
	EndGlobalSection
EndGlobal
